# This file is automatically @generated by Poetry 1.7.1 and should not be changed by hand.

[[package]]
name = "yt-dlp"
version = "2026.6.9"
description = "A feature-rich command-line audio/video downloader"
optional = false
python-versions = ">=3.10"
files = [
    {file = "yt_dlp-2026.6.9-py3-none-any.whl", hash = "sha256:442ba4c75724b9496144c8434b617962ee08d0ee7c26ec663848fe9b78d5a3e4"},
    {file = "yt_dlp-2026.6.9.tar.gz", hash = "sha256:d50fcb95f48d61bedde33e408c1881d4c279e51c31354a599ce09e96ba0f4b86"},
]

[package.extras]
curl-cffi = ["curl-cffi (>=0.5.10,<0.6.dev0 || >=0.10.dev0,<0.16)"]
default = ["brotli", "brotlicffi", "certifi", "mutagen", "pycryptodomex", "requests (>=2.32.2,<3)", "urllib3 (>=2.0.2,<3)", "websockets (>=13.0)", "yt-dlp-ejs (==0.8.0)"]
deno = ["deno (>=2.6.6)"]
pin = ["brotli (==1.2.0)", "brotlicffi (==1.2.0.1)", "certifi (==2026.5.20)", "charset-normalizer (==3.4.7)", "idna (==3.17)", "mutagen (==1.47.0)", "pycryptodomex (==3.23.0)", "requests (==2.34.2)", "urllib3 (==2.7.0)", "websockets (==16.0)", "yt-dlp-ejs (==0.8.0)"]
pin-curl-cffi = ["certifi (==2026.5.20)", "cffi (==2.0.0)", "curl-cffi (==0.15.0)", "markdown-it-py (==4.2.0)", "mdurl (==0.1.2)", "pycparser (==3.0)", "pygments (==2.20.0)", "rich (==15.0.0)"]
pin-deno = ["deno (==2.8.1)"]
pin-secretstorage = ["cffi (==2.0.0)", "cryptography (==48.0.0)", "jeepney (==0.9.0)", "pycparser (==3.0)", "secretstorage (==3.5.0)", "typing-extensions (==4.15.0)"]
secretstorage = ["secretstorage"]

[metadata]
lock-version = "2.0"
python-versions = "^3.11"
content-hash = "185a0a6ddf5910481268e3a4f50694930ef22cb24d3e7c3f6c2f9226e65d6fb2"
